// !$*UTF8*$!
{
	archiveVersion = 1;
	classes = {
	};
	objectVersion = 56;
	objects = {

/* Begin PBXBuildFile section */
		8D22CD422CC12226002C5EF3 /* SmartyPantsApp.swift in Sources */ = {isa = PBXBuildFile; fileRef = 8D22CD412CC12226002C5EF3 /* SmartyPantsApp.swift */; };
		8D22CD442CC12226002C5EF3 /* ChatView.swift in Sources */ = {isa = PBXBuildFile; fileRef = 8D22CD432CC12226002C5EF3 /* ChatView.swift */; };
		8D22CD462CC12227002C5EF3 /* Assets.xcassets in Resources */ = {isa = PBXBuildFile; fileRef = 8D22CD452CC12227002C5EF3 /* Assets.xcassets */; };
		8D22CD492CC12227002C5EF3 /* Preview Assets.xcassets in Resources */ = {isa = PBXBuildFile; fileRef = 8D22CD482CC12227002C5EF3 /* Preview Assets.xcassets */; };
		8D22CD532CC12227002C5EF3 /* SmartyPantsTests.swift in Sources */ = {isa = PBXBuildFile; fileRef = 8D22CD522CC12227002C5EF3 /* SmartyPantsTests.swift */; };
		8D22CD5D2CC12227002C5EF3 /* SmartyPantsUITests.swift in Sources */ = {isa = PBXBuildFile; fileRef = 8D22CD5C2CC12227002C5EF3 /* SmartyPantsUITests.swift */; };
		8D22CD5F2CC12227002C5EF3 /* SmartyPantsUITestsLaunchTests.swift in Sources */ = {isa = PBXBuildFile; fileRef = 8D22CD5E2CC12227002C5EF3 /* SmartyPantsUITestsLaunchTests.swift */; };
		8D22CD6D2CC12266002C5EF3 /* GoogleGenerativeAI in Frameworks */ = {isa = PBXBuildFile; productRef = 8D22CD6C2CC12266002C5EF3 /* GoogleGenerativeAI */; };
		8D22CD6F2CC1229E002C5EF3 /* Keys.swift in Sources */ = {isa = PBXBuildFile; fileRef = 8D22CD6E2CC1229E002C5EF3 /* Keys.swift */; };
		8D22CD712CC12B4D002C5EF3 /* GenerativeAI.plist in Resources */ = {isa = PBXBuildFile; fileRef = 8D22CD702CC12B4D002C5EF3 /* GenerativeAI.plist */; };
		8D22CD732CC1338B002C5EF3 /* ChatCellView.swift in Sources */ = {isa = PBXBuildFile; fileRef = 8D22CD722CC1338B002C5EF3 /* ChatCellView.swift */; };
		8D22CD752CC14D8A002C5EF3 /* ChatViewModel.swift in Sources */ = {isa = PBXBuildFile; fileRef = 8D22CD742CC14D8A002C5EF3 /* ChatViewModel.swift */; };
		8D22CD772CC178F8002C5EF3 /* Models.swift in Sources */ = {isa = PBXBuildFile; fileRef = 8D22CD762CC178F8002C5EF3 /* Models.swift */; };
		8D22CD7A2CC688B3002C5EF3 /* CachedAsyncImage in Frameworks */ = {isa = PBXBuildFile; productRef = 8D22CD792CC688B3002C5EF3 /* CachedAsyncImage */; };
/* End PBXBuildFile section */

/* Begin PBXContainerItemProxy section */
		8D22CD4F2CC12227002C5EF3 /* PBXContainerItemProxy */ = {
			isa = PBXContainerItemProxy;
			containerPortal = 8D22CD362CC12225002C5EF3 /* Project object */;
			proxyType = 1;
			remoteGlobalIDString = 8D22CD3D2CC12225002C5EF3;
			remoteInfo = SmartyPants;
		};
		8D22CD592CC12227002C5EF3 /* PBXContainerItemProxy */ = {
			isa = PBXContainerItemProxy;
			containerPortal = 8D22CD362CC12225002C5EF3 /* Project object */;
			proxyType = 1;
			remoteGlobalIDString = 8D22CD3D2CC12225002C5EF3;
			remoteInfo = SmartyPants;
		};
/* End PBXContainerItemProxy section */

/* Begin PBXFileReference section */
		8D22CD3E2CC12225002C5EF3 /* SmartyPants.app */ = {isa = PBXFileReference; explicitFileType = wrapper.application; includeInIndex = 0; path = SmartyPants.app; sourceTree = BUILT_PRODUCTS_DIR; };
		8D22CD412CC12226002C5EF3 /* SmartyPantsApp.swift */ = {isa = PBXFileReference; lastKnownFileType = sourcecode.swift; path = SmartyPantsApp.swift; sourceTree = "<group>"; };
		8D22CD432CC12226002C5EF3 /* ChatView.swift */ = {isa = PBXFileReference; lastKnownFileType = sourcecode.swift; path = ChatView.swift; sourceTree = "<group>"; };
		8D22CD452CC12227002C5EF3 /* Assets.xcassets */ = {isa = PBXFileReference; lastKnownFileType = folder.assetcatalog; path = Assets.xcassets; sourceTree = "<group>"; };
		8D22CD482CC12227002C5EF3 /* Preview Assets.xcassets */ = {isa = PBXFileReference; lastKnownFileType = folder.assetcatalog; path = "Preview Assets.xcassets"; sourceTree = "<group>"; };
		8D22CD4E2CC12227002C5EF3 /* SmartyPantsTests.xctest */ = {isa = PBXFileReference; explicitFileType = wrapper.cfbundle; includeInIndex = 0; path = SmartyPantsTests.xctest; sourceTree = BUILT_PRODUCTS_DIR; };
		8D22CD522CC12227002C5EF3 /* SmartyPantsTests.swift */ = {isa = PBXFileReference; lastKnownFileType = sourcecode.swift; path = SmartyPantsTests.swift; sourceTree = "<group>"; };
		8D22CD582CC12227002C5EF3 /* SmartyPantsUITests.xctest */ = {isa = PBXFileReference; explicitFileType = wrapper.cfbundle; includeInIndex = 0; path = SmartyPantsUITests.xctest; sourceTree = BUILT_PRODUCTS_DIR; };
		8D22CD5C2CC12227002C5EF3 /* SmartyPantsUITests.swift */ = {isa = PBXFileReference; lastKnownFileType = sourcecode.swift; path = SmartyPantsUITests.swift; sourceTree = "<group>"; };
		8D22CD5E2CC12227002C5EF3 /* SmartyPantsUITestsLaunchTests.swift */ = {isa = PBXFileReference; lastKnownFileType = sourcecode.swift; path = SmartyPantsUITestsLaunchTests.swift; sourceTree = "<group>"; };
		8D22CD6E2CC1229E002C5EF3 /* Keys.swift */ = {isa = PBXFileReference; lastKnownFileType = sourcecode.swift; path = Keys.swift; sourceTree = "<group>"; };
		8D22CD702CC12B4D002C5EF3 /* GenerativeAI.plist */ = {isa = PBXFileReference; lastKnownFileType = text.plist.xml; path = GenerativeAI.plist; sourceTree = "<group>"; };
		8D22CD722CC1338B002C5EF3 /* ChatCellView.swift */ = {isa = PBXFileReference; lastKnownFileType = sourcecode.swift; path = ChatCellView.swift; sourceTree = "<group>"; };
		8D22CD742CC14D8A002C5EF3 /* ChatViewModel.swift */ = {isa = PBXFileReference; lastKnownFileType = sourcecode.swift; path = ChatViewModel.swift; sourceTree = "<group>"; };
		8D22CD762CC178F8002C5EF3 /* Models.swift */ = {isa = PBXFileReference; lastKnownFileType = sourcecode.swift; path = Models.swift; sourceTree = "<group>"; };
/* End PBXFileReference section */

/* Begin PBXFrameworksBuildPhase section */
		8D22CD3B2CC12225002C5EF3 /* Frameworks */ = {
			isa = PBXFrameworksBuildPhase;
			buildActionMask = 2147483647;
			files = (
				8D22CD6D2CC12266002C5EF3 /* GoogleGenerativeAI in Frameworks */,
				8D22CD7A2CC688B3002C5EF3 /* CachedAsyncImage in Frameworks */,
			);
			runOnlyForDeploymentPostprocessing = 0;
		};
		8D22CD4B2CC12227002C5EF3 /* Frameworks */ = {
			isa = PBXFrameworksBuildPhase;
			buildActionMask = 2147483647;
			files = (
			);
			runOnlyForDeploymentPostprocessing = 0;
		};
		8D22CD552CC12227002C5EF3 /* Frameworks */ = {
			isa = PBXFrameworksBuildPhase;
			buildActionMask = 2147483647;
			files = (
			);
			runOnlyForDeploymentPostprocessing = 0;
		};
/* End PBXFrameworksBuildPhase section */

/* Begin PBXGroup section */
		8D22CD352CC12225002C5EF3 = {
			isa = PBXGroup;
			children = (
				8D22CD402CC12226002C5EF3 /* SmartyPants */,
				8D22CD512CC12227002C5EF3 /* SmartyPantsTests */,
				8D22CD5B2CC12227002C5EF3 /* SmartyPantsUITests */,
				8D22CD3F2CC12225002C5EF3 /* Products */,
			);
			sourceTree = "<group>";
		};
		8D22CD3F2CC12225002C5EF3 /* Products */ = {
			isa = PBXGroup;
			children = (
				8D22CD3E2CC12225002C5EF3 /* SmartyPants.app */,
				8D22CD4E2CC12227002C5EF3 /* SmartyPantsTests.xctest */,
				8D22CD582CC12227002C5EF3 /* SmartyPantsUITests.xctest */,
			);
			name = Products;
			sourceTree = "<group>";
		};
		8D22CD402CC12226002C5EF3 /* SmartyPants */ = {
			isa = PBXGroup;
			children = (
				8D22CD762CC178F8002C5EF3 /* Models.swift */,
				8D22CD722CC1338B002C5EF3 /* ChatCellView.swift */,
				8D22CD412CC12226002C5EF3 /* SmartyPantsApp.swift */,
				8D22CD432CC12226002C5EF3 /* ChatView.swift */,
				8D22CD742CC14D8A002C5EF3 /* ChatViewModel.swift */,
				8D22CD6E2CC1229E002C5EF3 /* Keys.swift */,
				8D22CD702CC12B4D002C5EF3 /* GenerativeAI.plist */,
				8D22CD452CC12227002C5EF3 /* Assets.xcassets */,
				8D22CD472CC12227002C5EF3 /* Preview Content */,
			);
			path = SmartyPants;
			sourceTree = "<group>";
		};
		8D22CD472CC12227002C5EF3 /* Preview Content */ = {
			isa = PBXGroup;
			children = (
				8D22CD482CC12227002C5EF3 /* Preview Assets.xcassets */,
			);
			path = "Preview Content";
			sourceTree = "<group>";
		};
		8D22CD512CC12227002C5EF3 /* SmartyPantsTests */ = {
			isa = PBXGroup;
			children = (
				8D22CD522CC12227002C5EF3 /* SmartyPantsTests.swift */,
			);
			path = SmartyPantsTests;
			sourceTree = "<group>";
		};
		8D22CD5B2CC12227002C5EF3 /* SmartyPantsUITests */ = {
			isa = PBXGroup;
			children = (
				8D22CD5C2CC12227002C5EF3 /* SmartyPantsUITests.swift */,
				8D22CD5E2CC12227002C5EF3 /* SmartyPantsUITestsLaunchTests.swift */,
			);
			path = SmartyPantsUITests;
			sourceTree = "<group>";
		};
/* End PBXGroup section */

/* Begin PBXNativeTarget section */
		8D22CD3D2CC12225002C5EF3 /* SmartyPants */ = {
			isa = PBXNativeTarget;
			buildConfigurationList = 8D22CD622CC12227002C5EF3 /* Build configuration list for PBXNativeTarget "SmartyPants" */;
			buildPhases = (
				8D22CD3A2CC12225002C5EF3 /* Sources */,
				8D22CD3B2CC12225002C5EF3 /* Frameworks */,
				8D22CD3C2CC12225002C5EF3 /* Resources */,
			);
			buildRules = (
			);
			dependencies = (
			);
			name = SmartyPants;
			packageProductDependencies = (
				8D22CD6C2CC12266002C5EF3 /* GoogleGenerativeAI */,
				8D22CD792CC688B3002C5EF3 /* CachedAsyncImage */,
			);
			productName = SmartyPants;
			productReference = 8D22CD3E2CC12225002C5EF3 /* SmartyPants.app */;
			productType = "com.apple.product-type.application";
		};
		8D22CD4D2CC12227002C5EF3 /* SmartyPantsTests */ = {
			isa = PBXNativeTarget;
			buildConfigurationList = 8D22CD652CC12227002C5EF3 /* Build configuration list for PBXNativeTarget "SmartyPantsTests" */;
			buildPhases = (
				8D22CD4A2CC12227002C5EF3 /* Sources */,
				8D22CD4B2CC12227002C5EF3 /* Frameworks */,
				8D22CD4C2CC12227002C5EF3 /* Resources */,
			);
			buildRules = (
			);
			dependencies = (
				8D22CD502CC12227002C5EF3 /* PBXTargetDependency */,
			);
			name = SmartyPantsTests;
			productName = SmartyPantsTests;
			productReference = 8D22CD4E2CC12227002C5EF3 /* SmartyPantsTests.xctest */;
			productType = "com.apple.product-type.bundle.unit-test";
		};
		8D22CD572CC12227002C5EF3 /* SmartyPantsUITests */ = {
			isa = PBXNativeTarget;
			buildConfigurationList = 8D22CD682CC12227002C5EF3 /* Build configuration list for PBXNativeTarget "SmartyPantsUITests" */;
			buildPhases = (
				8D22CD542CC12227002C5EF3 /* Sources */,
				8D22CD552CC12227002C5EF3 /* Frameworks */,
				8D22CD562CC12227002C5EF3 /* Resources */,
			);
			buildRules = (
			);
			dependencies = (
				8D22CD5A2CC12227002C5EF3 /* PBXTargetDependency */,
			);
			name = SmartyPantsUITests;
			productName = SmartyPantsUITests;
			productReference = 8D22CD582CC12227002C5EF3 /* SmartyPantsUITests.xctest */;
			productType = "com.apple.product-type.bundle.ui-testing";
		};
/* End PBXNativeTarget section */

/* Begin PBXProject section */
		8D22CD362CC12225002C5EF3 /* Project object */ = {
			isa = PBXProject;
			attributes = {
				BuildIndependentTargetsInParallel = 1;
				LastSwiftUpdateCheck = 1540;
				LastUpgradeCheck = 1540;
				TargetAttributes = {
					8D22CD3D2CC12225002C5EF3 = {
						CreatedOnToolsVersion = 15.4;
					};
					8D22CD4D2CC12227002C5EF3 = {
						CreatedOnToolsVersion = 15.4;
						TestTargetID = 8D22CD3D2CC12225002C5EF3;
					};
					8D22CD572CC12227002C5EF3 = {
						CreatedOnToolsVersion = 15.4;
						TestTargetID = 8D22CD3D2CC12225002C5EF3;
					};
				};
			};
			buildConfigurationList = 8D22CD392CC12225002C5EF3 /* Build configuration list for PBXProject "SmartyPants" */;
			compatibilityVersion = "Xcode 14.0";
			developmentRegion = en;
			hasScannedForEncodings = 0;
			knownRegions = (
				en,
				Base,
			);
			mainGroup = 8D22CD352CC12225002C5EF3;
			packageReferences = (
				8D22CD6B2CC12266002C5EF3 /* XCRemoteSwiftPackageReference "generative-ai-swift" */,
				8D22CD782CC688A2002C5EF3 /* XCRemoteSwiftPackageReference "swiftui-cached-async-image" */,
			);
			productRefGroup = 8D22CD3F2CC12225002C5EF3 /* Products */;
			projectDirPath = "";
			projectRoot = "";
			targets = (
				8D22CD3D2CC12225002C5EF3 /* SmartyPants */,
				8D22CD4D2CC12227002C5EF3 /* SmartyPantsTests */,
				8D22CD572CC12227002C5EF3 /* SmartyPantsUITests */,
			);
		};
/* End PBXProject section */

/* Begin PBXResourcesBuildPhase section */
		8D22CD3C2CC12225002C5EF3 /* Resources */ = {
			isa = PBXResourcesBuildPhase;
			buildActionMask = 2147483647;
			files = (
				8D22CD492CC12227002C5EF3 /* Preview Assets.xcassets in Resources */,
				8D22CD462CC12227002C5EF3 /* Assets.xcassets in Resources */,
				8D22CD712CC12B4D002C5EF3 /* GenerativeAI.plist in Resources */,
			);
			runOnlyForDeploymentPostprocessing = 0;
		};
		8D22CD4C2CC12227002C5EF3 /* Resources */ = {
			isa = PBXResourcesBuildPhase;
			buildActionMask = 2147483647;
			files = (
			);
			runOnlyForDeploymentPostprocessing = 0;
		};
		8D22CD562CC12227002C5EF3 /* Resources */ = {
			isa = PBXResourcesBuildPhase;
			buildActionMask = 2147483647;
			files = (
			);
			runOnlyForDeploymentPostprocessing = 0;
		};
/* End PBXResourcesBuildPhase section */

/* Begin PBXSourcesBuildPhase section */
		8D22CD3A2CC12225002C5EF3 /* Sources */ = {
			isa = PBXSourcesBuildPhase;
			buildActionMask = 2147483647;
			files = (
				8D22CD732CC1338B002C5EF3 /* ChatCellView.swift in Sources */,
				8D22CD442CC12226002C5EF3 /* ChatView.swift in Sources */,
				8D22CD752CC14D8A002C5EF3 /* ChatViewModel.swift in Sources */,
				8D22CD772CC178F8002C5EF3 /* Models.swift in Sources */,
				8D22CD6F2CC1229E002C5EF3 /* Keys.swift in Sources */,
				8D22CD422CC12226002C5EF3 /* SmartyPantsApp.swift in Sources */,
			);
			runOnlyForDeploymentPostprocessing = 0;
		};
		8D22CD4A2CC12227002C5EF3 /* Sources */ = {
			isa = PBXSourcesBuildPhase;
			buildActionMask = 2147483647;
			files = (
				8D22CD532CC12227002C5EF3 /* SmartyPantsTests.swift in Sources */,
			);
			runOnlyForDeploymentPostprocessing = 0;
		};
		8D22CD542CC12227002C5EF3 /* Sources */ = {
			isa = PBXSourcesBuildPhase;
			buildActionMask = 2147483647;
			files = (
				8D22CD5D2CC12227002C5EF3 /* SmartyPantsUITests.swift in Sources */,
				8D22CD5F2CC12227002C5EF3 /* SmartyPantsUITestsLaunchTests.swift in Sources */,
			);
			runOnlyForDeploymentPostprocessing = 0;
		};
/* End PBXSourcesBuildPhase section */

/* Begin PBXTargetDependency section */
		8D22CD502CC12227002C5EF3 /* PBXTargetDependency */ = {
			isa = PBXTargetDependency;
			target = 8D22CD3D2CC12225002C5EF3 /* SmartyPants */;
			targetProxy = 8D22CD4F2CC12227002C5EF3 /* PBXContainerItemProxy */;
		};
		8D22CD5A2CC12227002C5EF3 /* PBXTargetDependency */ = {
			isa = PBXTargetDependency;
			target = 8D22CD3D2CC12225002C5EF3 /* SmartyPants */;
			targetProxy = 8D22CD592CC12227002C5EF3 /* PBXContainerItemProxy */;
		};
/* End PBXTargetDependency section */

/* Begin XCBuildConfiguration section */
		8D22CD602CC12227002C5EF3 /* Debug */ = {
			isa = XCBuildConfiguration;
			buildSettings = {
				ALWAYS_SEARCH_USER_PATHS = NO;
				ASSETCATALOG_COMPILER_GENERATE_SWIFT_ASSET_SYMBOL_EXTENSIONS = YES;
				CLANG_ANALYZER_NONNULL = YES;
				CLANG_ANALYZER_NUMBER_OBJECT_CONVERSION = YES_AGGRESSIVE;
				CLANG_CXX_LANGUAGE_STANDARD = "gnu++20";
				CLANG_ENABLE_MODULES = YES;
				CLANG_ENABLE_OBJC_ARC = YES;
				CLANG_ENABLE_OBJC_WEAK = YES;
				CLANG_WARN_BLOCK_CAPTURE_AUTORELEASING = YES;
				CLANG_WARN_BOOL_CONVERSION = YES;
				CLANG_WARN_COMMA = YES;
				CLANG_WARN_CONSTANT_CONVERSION = YES;
				CLANG_WARN_DEPRECATED_OBJC_IMPLEMENTATIONS = YES;
				CLANG_WARN_DIRECT_OBJC_ISA_USAGE = YES_ERROR;
				CLANG_WARN_DOCUMENTATION_COMMENTS = YES;
				CLANG_WARN_EMPTY_BODY = YES;
				CLANG_WARN_ENUM_CONVERSION = YES;
				CLANG_WARN_INFINITE_RECURSION = YES;
				CLANG_WARN_INT_CONVERSION = YES;
				CLANG_WARN_NON_LITERAL_NULL_CONVERSION = YES;
				CLANG_WARN_OBJC_IMPLICIT_RETAIN_SELF = YES;
				CLANG_WARN_OBJC_LITERAL_CONVERSION = YES;
				CLANG_WARN_OBJC_ROOT_CLASS = YES_ERROR;
				CLANG_WARN_QUOTED_INCLUDE_IN_FRAMEWORK_HEADER = YES;
				CLANG_WARN_RANGE_LOOP_ANALYSIS = YES;
				CLANG_WARN_STRICT_PROTOTYPES = YES;
				CLANG_WARN_SUSPICIOUS_MOVE = YES;
				CLANG_WARN_UNGUARDED_AVAILABILITY = YES_AGGRESSIVE;
				CLANG_WARN_UNREACHABLE_CODE = YES;
				CLANG_WARN__DUPLICATE_METHOD_MATCH = YES;
				COPY_PHASE_STRIP = NO;
				DEBUG_INFORMATION_FORMAT = dwarf;
				ENABLE_STRICT_OBJC_MSGSEND = YES;
				ENABLE_TESTABILITY = YES;
				ENABLE_USER_SCRIPT_SANDBOXING = YES;
				GCC_C_LANGUAGE_STANDARD = gnu17;
				GCC_DYNAMIC_NO_PIC = NO;
				GCC_NO_COMMON_BLOCKS = YES;
				GCC_OPTIMIZATION_LEVEL = 0;
				GCC_PREPROCESSOR_DEFINITIONS = (
					"DEBUG=1",
					"$(inherited)",
				);
				GCC_WARN_64_TO_32_BIT_CONVERSION = YES;
				GCC_WARN_ABOUT_RETURN_TYPE = YES_ERROR;
				GCC_WARN_UNDECLARED_SELECTOR = YES;
				GCC_WARN_UNINITIALIZED_AUTOS = YES_AGGRESSIVE;
				GCC_WARN_UNUSED_FUNCTION = YES;
				GCC_WARN_UNUSED_VARIABLE = YES;
				IPHONEOS_DEPLOYMENT_TARGET = 17.5;
				LOCALIZATION_PREFERS_STRING_CATALOGS = YES;
				MTL_ENABLE_DEBUG_INFO = INCLUDE_SOURCE;
				MTL_FAST_MATH = YES;
				ONLY_ACTIVE_ARCH = YES;
				SDKROOT = iphoneos;
				SWIFT_ACTIVE_COMPILATION_CONDITIONS = "DEBUG $(inherited)";
				SWIFT_OPTIMIZATION_LEVEL = "-Onone";
			};
			name = Debug;
		};
		8D22CD612CC12227002C5EF3 /* Release */ = {
			isa = XCBuildConfiguration;
			buildSettings = {
				ALWAYS_SEARCH_USER_PATHS = NO;
				ASSETCATALOG_COMPILER_GENERATE_SWIFT_ASSET_SYMBOL_EXTENSIONS = YES;
				CLANG_ANALYZER_NONNULL = YES;
				CLANG_ANALYZER_NUMBER_OBJECT_CONVERSION = YES_AGGRESSIVE;
				CLANG_CXX_LANGUAGE_STANDARD = "gnu++20";
				CLANG_ENABLE_MODULES = YES;
				CLANG_ENABLE_OBJC_ARC = YES;
				CLANG_ENABLE_OBJC_WEAK = YES;
				CLANG_WARN_BLOCK_CAPTURE_AUTORELEASING = YES;
				CLANG_WARN_BOOL_CONVERSION = YES;
				CLANG_WARN_COMMA = YES;
				CLANG_WARN_CONSTANT_CONVERSION = YES;
				CLANG_WARN_DEPRECATED_OBJC_IMPLEMENTATIONS = YES;
				CLANG_WARN_DIRECT_OBJC_ISA_USAGE = YES_ERROR;
				CLANG_WARN_DOCUMENTATION_COMMENTS = YES;
				CLANG_WARN_EMPTY_BODY = YES;
				CLANG_WARN_ENUM_CONVERSION = YES;
				CLANG_WARN_INFINITE_RECURSION = YES;
				CLANG_WARN_INT_CONVERSION = YES;
				CLANG_WARN_NON_LITERAL_NULL_CONVERSION = YES;
				CLANG_WARN_OBJC_IMPLICIT_RETAIN_SELF = YES;
				CLANG_WARN_OBJC_LITERAL_CONVERSION = YES;
				CLANG_WARN_OBJC_ROOT_CLASS = YES_ERROR;
				CLANG_WARN_QUOTED_INCLUDE_IN_FRAMEWORK_HEADER = YES;
				CLANG_WARN_RANGE_LOOP_ANALYSIS = YES;
				CLANG_WARN_STRICT_PROTOTYPES = YES;
				CLANG_WARN_SUSPICIOUS_MOVE = YES;
				CLANG_WARN_UNGUARDED_AVAILABILITY = YES_AGGRESSIVE;
				CLANG_WARN_UNREACHABLE_CODE = YES;
				CLANG_WARN__DUPLICATE_METHOD_MATCH = YES;
				COPY_PHASE_STRIP = NO;
				DEBUG_INFORMATION_FORMAT = "dwarf-with-dsym";
				ENABLE_NS_ASSERTIONS = NO;
				ENABLE_STRICT_OBJC_MSGSEND = YES;
				ENABLE_USER_SCRIPT_SANDBOXING = YES;
				GCC_C_LANGUAGE_STANDARD = gnu17;
				GCC_NO_COMMON_BLOCKS = YES;
				GCC_WARN_64_TO_32_BIT_CONVERSION = YES;
				GCC_WARN_ABOUT_RETURN_TYPE = YES_ERROR;
				GCC_WARN_UNDECLARED_SELECTOR = YES;
				GCC_WARN_UNINITIALIZED_AUTOS = YES_AGGRESSIVE;
				GCC_WARN_UNUSED_FUNCTION = YES;
				GCC_WARN_UNUSED_VARIABLE = YES;
				IPHONEOS_DEPLOYMENT_TARGET = 17.5;
				LOCALIZATION_PREFERS_STRING_CATALOGS = YES;
				MTL_ENABLE_DEBUG_INFO = NO;
				MTL_FAST_MATH = YES;
				SDKROOT = iphoneos;
				SWIFT_COMPILATION_MODE = wholemodule;
				VALIDATE_PRODUCT = YES;
			};
			name = Release;
		};
		8D22CD632CC12227002C5EF3 /* Debug */ = {
			isa = XCBuildConfiguration;
			buildSettings = {
				ASSETCATALOG_COMPILER_APPICON_NAME = AppIcon;
				ASSETCATALOG_COMPILER_GLOBAL_ACCENT_COLOR_NAME = AccentColor;
				CODE_SIGN_STYLE = Automatic;
				CURRENT_PROJECT_VERSION = 1;
				DEVELOPMENT_ASSET_PATHS = "\"SmartyPants/Preview Content\"";
				DEVELOPMENT_TEAM = GXY8RCNAFG;
				ENABLE_PREVIEWS = YES;
				GENERATE_INFOPLIST_FILE = YES;
				INFOPLIST_KEY_UIApplicationSceneManifest_Generation = YES;
				INFOPLIST_KEY_UIApplicationSupportsIndirectInputEvents = YES;
				INFOPLIST_KEY_UILaunchScreen_Generation = YES;
				INFOPLIST_KEY_UISupportedInterfaceOrientations_iPad = "UIInterfaceOrientationPortrait UIInterfaceOrientationPortraitUpsideDown UIInterfaceOrientationLandscapeLeft UIInterfaceOrientationLandscapeRight";
				INFOPLIST_KEY_UISupportedInterfaceOrientations_iPhone = "UIInterfaceOrientationPortrait UIInterfaceOrientationLandscapeLeft UIInterfaceOrientationLandscapeRight";
				LD_RUNPATH_SEARCH_PATHS = (
					"$(inherited)",
					"@executable_path/Frameworks",
				);
				MARKETING_VERSION = 1.0;
				PRODUCT_BUNDLE_IDENTIFIER = com.wise.devs.SmartyPants;
				PRODUCT_NAME = "$(TARGET_NAME)";
				SWIFT_EMIT_LOC_STRINGS = YES;
				SWIFT_VERSION = 5.0;
				TARGETED_DEVICE_FAMILY = "1,2";
			};
			name = Debug;
		};
		8D22CD642CC12227002C5EF3 /* Release */ = {
			isa = XCBuildConfiguration;
			buildSettings = {
				ASSETCATALOG_COMPILER_APPICON_NAME = AppIcon;
				ASSETCATALOG_COMPILER_GLOBAL_ACCENT_COLOR_NAME = AccentColor;
				CODE_SIGN_STYLE = Automatic;
				CURRENT_PROJECT_VERSION = 1;
				DEVELOPMENT_ASSET_PATHS = "\"SmartyPants/Preview Content\"";
				DEVELOPMENT_TEAM = GXY8RCNAFG;
				ENABLE_PREVIEWS = YES;
				GENERATE_INFOPLIST_FILE = YES;
				INFOPLIST_KEY_UIApplicationSceneManifest_Generation = YES;
				INFOPLIST_KEY_UIApplicationSupportsIndirectInputEvents = YES;
				INFOPLIST_KEY_UILaunchScreen_Generation = YES;
				INFOPLIST_KEY_UISupportedInterfaceOrientations_iPad = "UIInterfaceOrientationPortrait UIInterfaceOrientationPortraitUpsideDown UIInterfaceOrientationLandscapeLeft UIInterfaceOrientationLandscapeRight";
				INFOPLIST_KEY_UISupportedInterfaceOrientations_iPhone = "UIInterfaceOrientationPortrait UIInterfaceOrientationLandscapeLeft UIInterfaceOrientationLandscapeRight";
				LD_RUNPATH_SEARCH_PATHS = (
					"$(inherited)",
					"@executable_path/Frameworks",
				);
				MARKETING_VERSION = 1.0;
				PRODUCT_BUNDLE_IDENTIFIER = com.wise.devs.SmartyPants;
				PRODUCT_NAME = "$(TARGET_NAME)";
				SWIFT_EMIT_LOC_STRINGS = YES;
				SWIFT_VERSION = 5.0;
				TARGETED_DEVICE_FAMILY = "1,2";
			};
			name = Release;
		};
		8D22CD662CC12227002C5EF3 /* Debug */ = {
			isa = XCBuildConfiguration;
			buildSettings = {
				ALWAYS_EMBED_SWIFT_STANDARD_LIBRARIES = YES;
				BUNDLE_LOADER = "$(TEST_HOST)";
				CODE_SIGN_STYLE = Automatic;
				CURRENT_PROJECT_VERSION = 1;
				DEVELOPMENT_TEAM = GXY8RCNAFG;
				GENERATE_INFOPLIST_FILE = YES;
				IPHONEOS_DEPLOYMENT_TARGET = 17.5;
				MARKETING_VERSION = 1.0;
				PRODUCT_BUNDLE_IDENTIFIER = com.wise.devs.SmartyPantsTests;
				PRODUCT_NAME = "$(TARGET_NAME)";
				SWIFT_EMIT_LOC_STRINGS = NO;
				SWIFT_VERSION = 5.0;
				TARGETED_DEVICE_FAMILY = "1,2";
				TEST_HOST = "$(BUILT_PRODUCTS_DIR)/SmartyPants.app/$(BUNDLE_EXECUTABLE_FOLDER_PATH)/SmartyPants";
			};
			name = Debug;
		};
		8D22CD672CC12227002C5EF3 /* Release */ = {
			isa = XCBuildConfiguration;
			buildSettings = {
				ALWAYS_EMBED_SWIFT_STANDARD_LIBRARIES = YES;
				BUNDLE_LOADER = "$(TEST_HOST)";
				CODE_SIGN_STYLE = Automatic;
				CURRENT_PROJECT_VERSION = 1;
				DEVELOPMENT_TEAM = GXY8RCNAFG;
				GENERATE_INFOPLIST_FILE = YES;
				IPHONEOS_DEPLOYMENT_TARGET = 17.5;
				MARKETING_VERSION = 1.0;
				PRODUCT_BUNDLE_IDENTIFIER = com.wise.devs.SmartyPantsTests;
				PRODUCT_NAME = "$(TARGET_NAME)";
				SWIFT_EMIT_LOC_STRINGS = NO;
				SWIFT_VERSION = 5.0;
				TARGETED_DEVICE_FAMILY = "1,2";
				TEST_HOST = "$(BUILT_PRODUCTS_DIR)/SmartyPants.app/$(BUNDLE_EXECUTABLE_FOLDER_PATH)/SmartyPants";
			};
			name = Release;
		};
		8D22CD692CC12227002C5EF3 /* Debug */ = {
			isa = XCBuildConfiguration;
			buildSettings = {
				ALWAYS_EMBED_SWIFT_STANDARD_LIBRARIES = YES;
				CODE_SIGN_STYLE = Automatic;
				CURRENT_PROJECT_VERSION = 1;
				DEVELOPMENT_TEAM = GXY8RCNAFG;
				GENERATE_INFOPLIST_FILE = YES;
				MARKETING_VERSION = 1.0;
				PRODUCT_BUNDLE_IDENTIFIER = com.wise.devs.SmartyPantsUITests;
				PRODUCT_NAME = "$(TARGET_NAME)";
				SWIFT_EMIT_LOC_STRINGS = NO;
				SWIFT_VERSION = 5.0;
				TARGETED_DEVICE_FAMILY = "1,2";
				TEST_TARGET_NAME = SmartyPants;
			};
			name = Debug;
		};
		8D22CD6A2CC12227002C5EF3 /* Release */ = {
			isa = XCBuildConfiguration;
			buildSettings = {
				ALWAYS_EMBED_SWIFT_STANDARD_LIBRARIES = YES;
				CODE_SIGN_STYLE = Automatic;
				CURRENT_PROJECT_VERSION = 1;
				DEVELOPMENT_TEAM = GXY8RCNAFG;
				GENERATE_INFOPLIST_FILE = YES;
				MARKETING_VERSION = 1.0;
				PRODUCT_BUNDLE_IDENTIFIER = com.wise.devs.SmartyPantsUITests;
				PRODUCT_NAME = "$(TARGET_NAME)";
				SWIFT_EMIT_LOC_STRINGS = NO;
				SWIFT_VERSION = 5.0;
				TARGETED_DEVICE_FAMILY = "1,2";
				TEST_TARGET_NAME = SmartyPants;
			};
			name = Release;
		};
/* End XCBuildConfiguration section */

/* Begin XCConfigurationList section */
		8D22CD392CC12225002C5EF3 /* Build configuration list for PBXProject "SmartyPants" */ = {
			isa = XCConfigurationList;
			buildConfigurations = (
				8D22CD602CC12227002C5EF3 /* Debug */,
				8D22CD612CC12227002C5EF3 /* Release */,
			);
			defaultConfigurationIsVisible = 0;
			defaultConfigurationName = Release;
		};
		8D22CD622CC12227002C5EF3 /* Build configuration list for PBXNativeTarget "SmartyPants" */ = {
			isa = XCConfigurationList;
			buildConfigurations = (
				8D22CD632CC12227002C5EF3 /* Debug */,
				8D22CD642CC12227002C5EF3 /* Release */,
			);
			defaultConfigurationIsVisible = 0;
			defaultConfigurationName = Release;
		};
		8D22CD652CC12227002C5EF3 /* Build configuration list for PBXNativeTarget "SmartyPantsTests" */ = {
			isa = XCConfigurationList;
			buildConfigurations = (
				8D22CD662CC12227002C5EF3 /* Debug */,
				8D22CD672CC12227002C5EF3 /* Release */,
			);
			defaultConfigurationIsVisible = 0;
			defaultConfigurationName = Release;
		};
		8D22CD682CC12227002C5EF3 /* Build configuration list for PBXNativeTarget "SmartyPantsUITests" */ = {
			isa = XCConfigurationList;
			buildConfigurations = (
				8D22CD692CC12227002C5EF3 /* Debug */,
				8D22CD6A2CC12227002C5EF3 /* Release */,
			);
			defaultConfigurationIsVisible = 0;
			defaultConfigurationName = Release;
		};
/* End XCConfigurationList section */

/* Begin XCRemoteSwiftPackageReference section */
		8D22CD6B2CC12266002C5EF3 /* XCRemoteSwiftPackageReference "generative-ai-swift" */ = {
			isa = XCRemoteSwiftPackageReference;
			repositoryURL = "https://github.com/google/generative-ai-swift";
			requirement = {
				kind = upToNextMajorVersion;
				minimumVersion = 0.5.6;
			};
		};
		8D22CD782CC688A2002C5EF3 /* XCRemoteSwiftPackageReference "swiftui-cached-async-image" */ = {
			isa = XCRemoteSwiftPackageReference;
			repositoryURL = "https://github.com/lorenzofiamingo/swiftui-cached-async-image";
			requirement = {
				kind = upToNextMajorVersion;
				minimumVersion = 2.1.1;
			};
		};
/* End XCRemoteSwiftPackageReference section */

/* Begin XCSwiftPackageProductDependency section */
		8D22CD6C2CC12266002C5EF3 /* GoogleGenerativeAI */ = {
			isa = XCSwiftPackageProductDependency;
			package = 8D22CD6B2CC12266002C5EF3 /* XCRemoteSwiftPackageReference "generative-ai-swift" */;
			productName = GoogleGenerativeAI;
		};
		8D22CD792CC688B3002C5EF3 /* CachedAsyncImage */ = {
			isa = XCSwiftPackageProductDependency;
			package = 8D22CD782CC688A2002C5EF3 /* XCRemoteSwiftPackageReference "swiftui-cached-async-image" */;
			productName = CachedAsyncImage;
		};
/* End XCSwiftPackageProductDependency section */
	};
	rootObject = 8D22CD362CC12225002C5EF3 /* Project object */;
}
